
Microsoft Visual Studio Solution File, Format Version 12.00
# Visual Studio 15
VisualStudioVersion = 15.0.28010.2003
MinimumVisualStudioVersion = 10.0.40219.1
Project("{FAE04EC0-301F-11D3-BF4B-00C04F79EFBC}") = "SistemaCsharpNotas", "SistemaCsharpNotas\SistemaCsharpNotas.csproj", "{EBAEDC23-DB41-4417-AC03-A0C8EB8E71C1}"
EndProject
Global
	GlobalSection(SolutionConfigurationPlatforms) = preSolution
		Debug|Any CPU = Debug|Any CPU
		Release|Any CPU = Release|Any CPU
	EndGlobalSection
	GlobalSection(ProjectConfigurationPlatforms) = postSolution
		{EBAEDC23-DB41-4417-AC03-A0C8EB8E71C1}.Debug|Any CPU.ActiveCfg = Debug|Any CPU
		{EBAEDC23-DB41-4417-AC03-A0C8EB8E71C1}.Debug|Any CPU.Build.0 = Debug|Any CPU
		{EBAEDC23-DB41-4417-AC03-A0C8EB8E71C1}.Release|Any CPU.ActiveCfg = Release|Any CPU
		{EBAEDC23-DB41-4417-AC03-A0C8EB8E71C1}.Release|Any CPU.Build.0 = Release|Any CPU
	EndGlobalSection
	GlobalSection(SolutionProperties) = preSolution
		HideSolutionNode = FALSE
	EndGlobalSection
	GlobalSection(ExtensibilityGlobals) = postSolution
		SolutionGuid = {C642551C-3106-49A1-97BC-EB4FAD7FEEE6}
	EndGlobalSection
EndGlobal
